
Microsoft Visual Studio Solution File, Format Version 12.00
# Visual Studio Version 16
VisualStudioVersion = 16.0.31205.134
MinimumVisualStudioVersion = 10.0.40219.1
Project("{9A19103F-16F7-4668-BE54-9A1E7A4F7556}") = "Videolibrary CRUD", "Videolibrary CRUD.csproj", "{B267FC31-0F65-4A00-8467-29F6598AC02D}"
EndProject
Project("{FAE04EC0-301F-11D3-BF4B-00C04F79EFBC}") = "APIRestVideolibrary", "..\APIRestVideolibrary\APIRestVideolibrary.csproj", "{2E09B0A5-E193-41C5-8812-337C268A0423}"
EndProject
Global
	GlobalSection(SolutionConfigurationPlatforms) = preSolution
		Debug|Any CPU = Debug|Any CPU
		Release|Any CPU = Release|Any CPU
	EndGlobalSection
	GlobalSection(ProjectConfigurationPlatforms) = postSolution
		{B267FC31-0F65-4A00-8467-29F6598AC02D}.Debug|Any CPU.ActiveCfg = Debug|Any CPU
		{B267FC31-0F65-4A00-8467-29F6598AC02D}.Debug|Any CPU.Build.0 = Debug|Any CPU
		{B267FC31-0F65-4A00-8467-29F6598AC02D}.Release|Any CPU.ActiveCfg = Release|Any CPU
		{B267FC31-0F65-4A00-8467-29F6598AC02D}.Release|Any CPU.Build.0 = Release|Any CPU
		{2E09B0A5-E193-41C5-8812-337C268A0423}.Debug|Any CPU.ActiveCfg = Debug|Any CPU
		{2E09B0A5-E193-41C5-8812-337C268A0423}.Debug|Any CPU.Build.0 = Debug|Any CPU
		{2E09B0A5-E193-41C5-8812-337C268A0423}.Release|Any CPU.ActiveCfg = Release|Any CPU
		{2E09B0A5-E193-41C5-8812-337C268A0423}.Release|Any CPU.Build.0 = Release|Any CPU
	EndGlobalSection
	GlobalSection(SolutionProperties) = preSolution
		HideSolutionNode = FALSE
	EndGlobalSection
	GlobalSection(ExtensibilityGlobals) = postSolution
		SolutionGuid = {67370894-72F6-45F4-A4C7-4DAEEE40B19F}
	EndGlobalSection
EndGlobal
